
Microsoft Visual Studio Solution File, Format Version 12.00
# Visual Studio 2012
Project("{FAE04EC0-301F-11D3-BF4B-00C04F79EFBC}") = "MathHub.Web", "MathHub.Web\MathHub.Web.csproj", "{CE01FFB4-0481-43A4-930E-FEA510402ECB}"
EndProject
Project("{FAE04EC0-301F-11D3-BF4B-00C04F79EFBC}") = "MathHub.Web.Tests", "MathHub.Web.Tests\MathHub.Web.Tests.csproj", "{8EC12113-2748-497E-9556-0BBA1607AB3C}"
EndProject
Project("{2150E333-8FDC-42A3-9474-1A3956D46DE8}") = "Libraries", "Libraries", "{8DEAE4BB-0CDA-4903-9A56-E25570577C75}"
EndProject
Project("{2150E333-8FDC-42A3-9474-1A3956D46DE8}") = "Presentation", "Presentation", "{6C1F53F9-A633-425C-BE5E-68CA1FBE67B7}"
EndProject
Project("{2150E333-8FDC-42A3-9474-1A3956D46DE8}") = "Tests", "Tests", "{EA133F59-D275-4A6F-BFFB-65D871838092}"
EndProject
Project("{FAE04EC0-301F-11D3-BF4B-00C04F79EFBC}") = "MathHub.Core", "MathHub.Core\MathHub.Core.csproj", "{69F5826B-6C30-4250-B51C-B4BDEAF178CF}"
EndProject
Project("{FAE04EC0-301F-11D3-BF4B-00C04F79EFBC}") = "MathHub.Entity", "MathHub.Entity\MathHub.Entity.csproj", "{A5AD7AC9-4817-4D94-8113-6DFC7EB0F273}"
EndProject
Project("{FAE04EC0-301F-11D3-BF4B-00C04F79EFBC}") = "MathHub.Service", "MathHub.Service\MathHub.Service.csproj", "{72774F48-7053-4668-BEB7-633F9B1E7B4E}"
EndProject
Project("{FAE04EC0-301F-11D3-BF4B-00C04F79EFBC}") = "MathHub.Framework", "MathHub.Framework\MathHub.Framework.csproj", "{12B3A87F-6972-449C-8EEE-B61587ECCF33}"
EndProject
Project("{FAE04EC0-301F-11D3-BF4B-00C04F79EFBC}") = "ConsoleApp.Test", "ConsoleApp.Test\ConsoleApp.Test.csproj", "{A7F28207-08BB-4E27-9301-5257F708AB23}"
EndProject
Project("{2150E333-8FDC-42A3-9474-1A3956D46DE8}") = "Helper", "Helper", "{D8662678-1983-4F57-950A-4DD4E72CC32B}"
EndProject
Global
	GlobalSection(SolutionConfigurationPlatforms) = preSolution
		Debug|Any CPU = Debug|Any CPU
		Release|Any CPU = Release|Any CPU
	EndGlobalSection
	GlobalSection(ProjectConfigurationPlatforms) = postSolution
		{CE01FFB4-0481-43A4-930E-FEA510402ECB}.Debug|Any CPU.ActiveCfg = Debug|Any CPU
		{CE01FFB4-0481-43A4-930E-FEA510402ECB}.Debug|Any CPU.Build.0 = Debug|Any CPU
		{CE01FFB4-0481-43A4-930E-FEA510402ECB}.Release|Any CPU.ActiveCfg = Release|Any CPU
		{CE01FFB4-0481-43A4-930E-FEA510402ECB}.Release|Any CPU.Build.0 = Release|Any CPU
		{8EC12113-2748-497E-9556-0BBA1607AB3C}.Debug|Any CPU.ActiveCfg = Debug|Any CPU
		{8EC12113-2748-497E-9556-0BBA1607AB3C}.Debug|Any CPU.Build.0 = Debug|Any CPU
		{8EC12113-2748-497E-9556-0BBA1607AB3C}.Release|Any CPU.ActiveCfg = Release|Any CPU
		{8EC12113-2748-497E-9556-0BBA1607AB3C}.Release|Any CPU.Build.0 = Release|Any CPU
		{69F5826B-6C30-4250-B51C-B4BDEAF178CF}.Debug|Any CPU.ActiveCfg = Debug|Any CPU
		{69F5826B-6C30-4250-B51C-B4BDEAF178CF}.Debug|Any CPU.Build.0 = Debug|Any CPU
		{69F5826B-6C30-4250-B51C-B4BDEAF178CF}.Release|Any CPU.ActiveCfg = Release|Any CPU
		{69F5826B-6C30-4250-B51C-B4BDEAF178CF}.Release|Any CPU.Build.0 = Release|Any CPU
		{A5AD7AC9-4817-4D94-8113-6DFC7EB0F273}.Debug|Any CPU.ActiveCfg = Debug|Any CPU
		{A5AD7AC9-4817-4D94-8113-6DFC7EB0F273}.Debug|Any CPU.Build.0 = Debug|Any CPU
		{A5AD7AC9-4817-4D94-8113-6DFC7EB0F273}.Release|Any CPU.ActiveCfg = Release|Any CPU
		{A5AD7AC9-4817-4D94-8113-6DFC7EB0F273}.Release|Any CPU.Build.0 = Release|Any CPU
		{72774F48-7053-4668-BEB7-633F9B1E7B4E}.Debug|Any CPU.ActiveCfg = Debug|Any CPU
		{72774F48-7053-4668-BEB7-633F9B1E7B4E}.Debug|Any CPU.Build.0 = Debug|Any CPU
		{72774F48-7053-4668-BEB7-633F9B1E7B4E}.Release|Any CPU.ActiveCfg = Release|Any CPU
		{72774F48-7053-4668-BEB7-633F9B1E7B4E}.Release|Any CPU.Build.0 = Release|Any CPU
		{12B3A87F-6972-449C-8EEE-B61587ECCF33}.Debug|Any CPU.ActiveCfg = Debug|Any CPU
		{12B3A87F-6972-449C-8EEE-B61587ECCF33}.Debug|Any CPU.Build.0 = Debug|Any CPU
		{12B3A87F-6972-449C-8EEE-B61587ECCF33}.Release|Any CPU.ActiveCfg = Release|Any CPU
		{12B3A87F-6972-449C-8EEE-B61587ECCF33}.Release|Any CPU.Build.0 = Release|Any CPU
		{A7F28207-08BB-4E27-9301-5257F708AB23}.Debug|Any CPU.ActiveCfg = Debug|Any CPU
		{A7F28207-08BB-4E27-9301-5257F708AB23}.Debug|Any CPU.Build.0 = Debug|Any CPU
		{A7F28207-08BB-4E27-9301-5257F708AB23}.Release|Any CPU.ActiveCfg = Release|Any CPU
		{A7F28207-08BB-4E27-9301-5257F708AB23}.Release|Any CPU.Build.0 = Release|Any CPU
	EndGlobalSection
	GlobalSection(SolutionProperties) = preSolution
		HideSolutionNode = FALSE
	EndGlobalSection
	GlobalSection(NestedProjects) = preSolution
		{CE01FFB4-0481-43A4-930E-FEA510402ECB} = {6C1F53F9-A633-425C-BE5E-68CA1FBE67B7}
		{8EC12113-2748-497E-9556-0BBA1607AB3C} = {EA133F59-D275-4A6F-BFFB-65D871838092}
		{A7F28207-08BB-4E27-9301-5257F708AB23} = {EA133F59-D275-4A6F-BFFB-65D871838092}
		{69F5826B-6C30-4250-B51C-B4BDEAF178CF} = {8DEAE4BB-0CDA-4903-9A56-E25570577C75}
		{A5AD7AC9-4817-4D94-8113-6DFC7EB0F273} = {8DEAE4BB-0CDA-4903-9A56-E25570577C75}
		{72774F48-7053-4668-BEB7-633F9B1E7B4E} = {8DEAE4BB-0CDA-4903-9A56-E25570577C75}
		{12B3A87F-6972-449C-8EEE-B61587ECCF33} = {8DEAE4BB-0CDA-4903-9A56-E25570577C75}
	EndGlobalSection
EndGlobal
